// !$*UTF8*$!
{
	archiveVersion = 1;
	classes = {
	};
	objectVersion = 50;
	objects = {

/* Begin PBXBuildFile section */
		221D6602224DCB8D00F2AB2C /* ICEBaseTableViewCell.m in Sources */ = {isa = PBXBuildFile; fileRef = 221D6601224DCB8D00F2AB2C /* ICEBaseTableViewCell.m */; };
		221D6605224DCBDA00F2AB2C /* MutilImgCell.m in Sources */ = {isa = PBXBuildFile; fileRef = 221D6604224DCBDA00F2AB2C /* MutilImgCell.m */; };
		221D6608224DEC9800F2AB2C /* DeleteImgViewCell.m in Sources */ = {isa = PBXBuildFile; fileRef = 221D6607224DEC9800F2AB2C /* DeleteImgViewCell.m */; };
		228C04EB2249BEB6003E115D /* AppDelegate.m in Sources */ = {isa = PBXBuildFile; fileRef = 228C04EA2249BEB6003E115D /* AppDelegate.m */; };
		228C04EE2249BEB6003E115D /* ViewController.m in Sources */ = {isa = PBXBuildFile; fileRef = 228C04ED2249BEB6003E115D /* ViewController.m */; };
		228C04F12249BEB6003E115D /* Main.storyboard in Resources */ = {isa = PBXBuildFile; fileRef = 228C04EF2249BEB6003E115D /* Main.storyboard */; };
		228C04F32249BEB8003E115D /* Assets.xcassets in Resources */ = {isa = PBXBuildFile; fileRef = 228C04F22249BEB8003E115D /* Assets.xcassets */; };
		228C04F62249BEB8003E115D /* LaunchScreen.storyboard in Resources */ = {isa = PBXBuildFile; fileRef = 228C04F42249BEB8003E115D /* LaunchScreen.storyboard */; };
		228C04F92249BEB8003E115D /* main.m in Sources */ = {isa = PBXBuildFile; fileRef = 228C04F82249BEB8003E115D /* main.m */; };
		228C05032249BEB8003E115D /* LoadAlertViewTests.m in Sources */ = {isa = PBXBuildFile; fileRef = 228C05022249BEB8003E115D /* LoadAlertViewTests.m */; };
		228C050E2249BEB8003E115D /* LoadAlertViewUITests.m in Sources */ = {isa = PBXBuildFile; fileRef = 228C050D2249BEB8003E115D /* LoadAlertViewUITests.m */; };
		228C05232249C42F003E115D /* APIRequest.m in Sources */ = {isa = PBXBuildFile; fileRef = 228C05222249C42F003E115D /* APIRequest.m */; };
		228C052D224A091B003E115D /* ICEGuideController.m in Sources */ = {isa = PBXBuildFile; fileRef = 228C052C224A091B003E115D /* ICEGuideController.m */; };
		228C053A224A1FAE003E115D /* ICEToolsHelper.m in Sources */ = {isa = PBXBuildFile; fileRef = 228C0539224A1FAE003E115D /* ICEToolsHelper.m */; };
		228C053D224A2006003E115D /* ICEUIFactory.m in Sources */ = {isa = PBXBuildFile; fileRef = 228C053C224A2006003E115D /* ICEUIFactory.m */; };
		228C0557224AFFC6003E115D /* ICEBaseViewController.m in Sources */ = {isa = PBXBuildFile; fileRef = 228C0556224AFFC6003E115D /* ICEBaseViewController.m */; };
		228C055A224AFFF6003E115D /* ICETabBar.m in Sources */ = {isa = PBXBuildFile; fileRef = 228C0559224AFFF6003E115D /* ICETabBar.m */; };
		228C055D224B000B003E115D /* ICETabBarController.m in Sources */ = {isa = PBXBuildFile; fileRef = 228C055C224B000B003E115D /* ICETabBarController.m */; };
		228C0563224B0036003E115D /* ICENavigationController.m in Sources */ = {isa = PBXBuildFile; fileRef = 228C0562224B0036003E115D /* ICENavigationController.m */; };
		228C0566224B0069003E115D /* ICEBaseView.m in Sources */ = {isa = PBXBuildFile; fileRef = 228C0565224B0069003E115D /* ICEBaseView.m */; };
		228C056C224B0098003E115D /* ICEBaseModel.m in Sources */ = {isa = PBXBuildFile; fileRef = 228C056B224B0098003E115D /* ICEBaseModel.m */; };
		228C056F224B00BD003E115D /* ICETableViewController.m in Sources */ = {isa = PBXBuildFile; fileRef = 228C056E224B00BD003E115D /* ICETableViewController.m */; };
		228C0572224B00DC003E115D /* ICEWKWeViewController.m in Sources */ = {isa = PBXBuildFile; fileRef = 228C0571224B00DC003E115D /* ICEWKWeViewController.m */; };
		228C0575224B0174003E115D /* WKWebView+ReloadRequest.m in Sources */ = {isa = PBXBuildFile; fileRef = 228C0574224B0174003E115D /* WKWebView+ReloadRequest.m */; };
		228C06CC224B5F5E003E115D /* libXFCamera.a in Frameworks */ = {isa = PBXBuildFile; fileRef = 228C06CA224B5F5E003E115D /* libXFCamera.a */; };
		228C06CD224B5F5E003E115D /* XFResource.bundle in Resources */ = {isa = PBXBuildFile; fileRef = 228C06CB224B5F5E003E115D /* XFResource.bundle */; };
		228C06D0224B6DCE003E115D /* ICEModule1ViewController.m in Sources */ = {isa = PBXBuildFile; fileRef = 228C06CF224B6DCE003E115D /* ICEModule1ViewController.m */; };
		228C06D6224B6EFA003E115D /* ICEModule2ViewController.m in Sources */ = {isa = PBXBuildFile; fileRef = 228C06D5224B6EFA003E115D /* ICEModule2ViewController.m */; };
		228C06D9224B6F0B003E115D /* ICEModule3ViewController.m in Sources */ = {isa = PBXBuildFile; fileRef = 228C06D8224B6F0B003E115D /* ICEModule3ViewController.m */; };
		228C06DC224B6F28003E115D /* ICEModule4ViewController.m in Sources */ = {isa = PBXBuildFile; fileRef = 228C06DB224B6F28003E115D /* ICEModule4ViewController.m */; };
		228C06DF224B6F3E003E115D /* ICEModule5ViewController.m in Sources */ = {isa = PBXBuildFile; fileRef = 228C06DE224B6F3E003E115D /* ICEModule5ViewController.m */; };
		228C06E2224B74BA003E115D /* UIColor+HexString.m in Sources */ = {isa = PBXBuildFile; fileRef = 228C06E1224B74BA003E115D /* UIColor+HexString.m */; };
		228C06E5224B752B003E115D /* UIView+Frame.m in Sources */ = {isa = PBXBuildFile; fileRef = 228C06E4224B752B003E115D /* UIView+Frame.m */; };
		228C06EB224B762D003E115D /* EJAlertViewController.m in Sources */ = {isa = PBXBuildFile; fileRef = 228C06E9224B762D003E115D /* EJAlertViewController.m */; };
		228C06EC224B762D003E115D /* UIViewController+AlertController.m in Sources */ = {isa = PBXBuildFile; fileRef = 228C06EA224B762D003E115D /* UIViewController+AlertController.m */; };
		22DB3F8C2264530000801186 /* ClassificationViewController.m in Sources */ = {isa = PBXBuildFile; fileRef = 22DB3F8B2264530000801186 /* ClassificationViewController.m */; };
		22DB3F8F22646C7900801186 /* UIBarButtonItem+SXCreate.m in Sources */ = {isa = PBXBuildFile; fileRef = 22DB3F8E22646C7900801186 /* UIBarButtonItem+SXCreate.m */; };
		22DB3F9A2266C76A00801186 /* TableRefreshViewController.m in Sources */ = {isa = PBXBuildFile; fileRef = 22DB3F992266C76A00801186 /* TableRefreshViewController.m */; };
		22DB3FA02266FB6C00801186 /* MBProgressHUD+Simple.m in Sources */ = {isa = PBXBuildFile; fileRef = 22DB3F9F2266FB6C00801186 /* MBProgressHUD+Simple.m */; };
		22DB3FA322672ACF00801186 /* ICEAreaModel.m in Sources */ = {isa = PBXBuildFile; fileRef = 22DB3FA222672ACF00801186 /* ICEAreaModel.m */; };
		22DB3FA622672AE700801186 /* ICEAreaPickView.m in Sources */ = {isa = PBXBuildFile; fileRef = 22DB3FA522672AE700801186 /* ICEAreaPickView.m */; };
		22DB3FA82267303600801186 /* area.plist in Resources */ = {isa = PBXBuildFile; fileRef = 22DB3FA72267303600801186 /* area.plist */; };
		7CB29CDF3AFDAB8BE9D2D04E /* Pods_LoadAlertView.framework in Frameworks */ = {isa = PBXBuildFile; fileRef = 48161CD7C29D6C6FAB5BC347 /* Pods_LoadAlertView.framework */; };
/* End PBXBuildFile section */

/* Begin PBXContainerItemProxy section */
		228C04FF2249BEB8003E115D /* PBXContainerItemProxy */ = {
			isa = PBXContainerItemProxy;
			containerPortal = 228C04DE2249BEB6003E115D /* Project object */;
			proxyType = 1;
			remoteGlobalIDString = 228C04E52249BEB6003E115D;
			remoteInfo = LoadAlertView;
		};
		228C050A2249BEB8003E115D /* PBXContainerItemProxy */ = {
			isa = PBXContainerItemProxy;
			containerPortal = 228C04DE2249BEB6003E115D /* Project object */;
			proxyType = 1;
			remoteGlobalIDString = 228C04E52249BEB6003E115D;
			remoteInfo = LoadAlertView;
		};
/* End PBXContainerItemProxy section */

/* Begin PBXFileReference section */
		221D6600224DCB8D00F2AB2C /* ICEBaseTableViewCell.h */ = {isa = PBXFileReference; lastKnownFileType = sourcecode.c.h; path = ICEBaseTableViewCell.h; sourceTree = "<group>"; };
		221D6601224DCB8D00F2AB2C /* ICEBaseTableViewCell.m */ = {isa = PBXFileReference; lastKnownFileType = sourcecode.c.objc; path = ICEBaseTableViewCell.m; sourceTree = "<group>"; };
		221D6603224DCBDA00F2AB2C /* MutilImgCell.h */ = {isa = PBXFileReference; lastKnownFileType = sourcecode.c.h; path = MutilImgCell.h; sourceTree = "<group>"; };
		221D6604224DCBDA00F2AB2C /* MutilImgCell.m */ = {isa = PBXFileReference; lastKnownFileType = sourcecode.c.objc; path = MutilImgCell.m; sourceTree = "<group>"; };
		221D6606224DEC9800F2AB2C /* DeleteImgViewCell.h */ = {isa = PBXFileReference; lastKnownFileType = sourcecode.c.h; path = DeleteImgViewCell.h; sourceTree = "<group>"; };
		221D6607224DEC9800F2AB2C /* DeleteImgViewCell.m */ = {isa = PBXFileReference; lastKnownFileType = sourcecode.c.objc; path = DeleteImgViewCell.m; sourceTree = "<group>"; };
		228C04E62249BEB6003E115D /* LoadAlertView.app */ = {isa = PBXFileReference; explicitFileType = wrapper.application; includeInIndex = 0; path = LoadAlertView.app; sourceTree = BUILT_PRODUCTS_DIR; };
		228C04E92249BEB6003E115D /* AppDelegate.h */ = {isa = PBXFileReference; lastKnownFileType = sourcecode.c.h; path = AppDelegate.h; sourceTree = "<group>"; };
		228C04EA2249BEB6003E115D /* AppDelegate.m */ = {isa = PBXFileReference; lastKnownFileType = sourcecode.c.objc; path = AppDelegate.m; sourceTree = "<group>"; };
		228C04EC2249BEB6003E115D /* ViewController.h */ = {isa = PBXFileReference; lastKnownFileType = sourcecode.c.h; path = ViewController.h; sourceTree = "<group>"; };
		228C04ED2249BEB6003E115D /* ViewController.m */ = {isa = PBXFileReference; lastKnownFileType = sourcecode.c.objc; path = ViewController.m; sourceTree = "<group>"; };
		228C04F02249BEB6003E115D /* Base */ = {isa = PBXFileReference; lastKnownFileType = file.storyboard; name = Base; path = Base.lproj/Main.storyboard; sourceTree = "<group>"; };
		228C04F22249BEB8003E115D /* Assets.xcassets */ = {isa = PBXFileReference; lastKnownFileType = folder.assetcatalog; path = Assets.xcassets; sourceTree = "<group>"; };
		228C04F52249BEB8003E115D /* Base */ = {isa = PBXFileReference; lastKnownFileType = file.storyboard; name = Base; path = Base.lproj/LaunchScreen.storyboard; sourceTree = "<group>"; };
		228C04F72249BEB8003E115D /* Info.plist */ = {isa = PBXFileReference; lastKnownFileType = text.plist.xml; path = Info.plist; sourceTree = "<group>"; };
		228C04F82249BEB8003E115D /* main.m */ = {isa = PBXFileReference; lastKnownFileType = sourcecode.c.objc; path = main.m; sourceTree = "<group>"; };
		228C04FE2249BEB8003E115D /* LoadAlertViewTests.xctest */ = {isa = PBXFileReference; explicitFileType = wrapper.cfbundle; includeInIndex = 0; path = LoadAlertViewTests.xctest; sourceTree = BUILT_PRODUCTS_DIR; };
		228C05022249BEB8003E115D /* LoadAlertViewTests.m */ = {isa = PBXFileReference; lastKnownFileType = sourcecode.c.objc; path = LoadAlertViewTests.m; sourceTree = "<group>"; };
		228C05042249BEB8003E115D /* Info.plist */ = {isa = PBXFileReference; lastKnownFileType = text.plist.xml; path = Info.plist; sourceTree = "<group>"; };
		228C05092249BEB8003E115D /* LoadAlertViewUITests.xctest */ = {isa = PBXFileReference; explicitFileType = wrapper.cfbundle; includeInIndex = 0; path = LoadAlertViewUITests.xctest; sourceTree = BUILT_PRODUCTS_DIR; };
		228C050D2249BEB8003E115D /* LoadAlertViewUITests.m */ = {isa = PBXFileReference; lastKnownFileType = sourcecode.c.objc; path = LoadAlertViewUITests.m; sourceTree = "<group>"; };
		228C050F2249BEB8003E115D /* Info.plist */ = {isa = PBXFileReference; lastKnownFileType = text.plist.xml; path = Info.plist; sourceTree = "<group>"; };
		228C05212249C42F003E115D /* APIRequest.h */ = {isa = PBXFileReference; lastKnownFileType = sourcecode.c.h; path = APIRequest.h; sourceTree = "<group>"; };
		228C05222249C42F003E115D /* APIRequest.m */ = {isa = PBXFileReference; lastKnownFileType = sourcecode.c.objc; path = APIRequest.m; sourceTree = "<group>"; };
		228C052B224A091B003E115D /* ICEGuideController.h */ = {isa = PBXFileReference; lastKnownFileType = sourcecode.c.h; path = ICEGuideController.h; sourceTree = "<group>"; };
		228C052C224A091B003E115D /* ICEGuideController.m */ = {isa = PBXFileReference; lastKnownFileType = sourcecode.c.objc; path = ICEGuideController.m; sourceTree = "<group>"; };
		228C0534224A0B30003E115D /* Header.h */ = {isa = PBXFileReference; lastKnownFileType = sourcecode.c.h; path = Header.h; sourceTree = "<group>"; };
		228C0535224A0BD4003E115D /* PrefixHeader.pch */ = {isa = PBXFileReference; lastKnownFileType = sourcecode.c.h; path = PrefixHeader.pch; sourceTree = "<group>"; };
		228C0536224A0CB8003E115D /* Macros.h */ = {isa = PBXFileReference; lastKnownFileType = sourcecode.c.h; path = Macros.h; sourceTree = "<group>"; };
		228C0538224A1FAE003E115D /* ICEToolsHelper.h */ = {isa = PBXFileReference; lastKnownFileType = sourcecode.c.h; path = ICEToolsHelper.h; sourceTree = "<group>"; };
		228C0539224A1FAE003E115D /* ICEToolsHelper.m */ = {isa = PBXFileReference; lastKnownFileType = sourcecode.c.objc; path = ICEToolsHelper.m; sourceTree = "<group>"; };
		228C053B224A2006003E115D /* ICEUIFactory.h */ = {isa = PBXFileReference; lastKnownFileType = sourcecode.c.h; path = ICEUIFactory.h; sourceTree = "<group>"; };
		228C053C224A2006003E115D /* ICEUIFactory.m */ = {isa = PBXFileReference; lastKnownFileType = sourcecode.c.objc; path = ICEUIFactory.m; sourceTree = "<group>"; };
		228C0555224AFFC6003E115D /* ICEBaseViewController.h */ = {isa = PBXFileReference; lastKnownFileType = sourcecode.c.h; path = ICEBaseViewController.h; sourceTree = "<group>"; };
		228C0556224AFFC6003E115D /* ICEBaseViewController.m */ = {isa = PBXFileReference; lastKnownFileType = sourcecode.c.objc; path = ICEBaseViewController.m; sourceTree = "<group>"; };
		228C0558224AFFF6003E115D /* ICETabBar.h */ = {isa = PBXFileReference; lastKnownFileType = sourcecode.c.h; path = ICETabBar.h; sourceTree = "<group>"; };
		228C0559224AFFF6003E115D /* ICETabBar.m */ = {isa = PBXFileReference; lastKnownFileType = sourcecode.c.objc; path = ICETabBar.m; sourceTree = "<group>"; };
		228C055B224B000B003E115D /* ICETabBarController.h */ = {isa = PBXFileReference; lastKnownFileType = sourcecode.c.h; path = ICETabBarController.h; sourceTree = "<group>"; };
		228C055C224B000B003E115D /* ICETabBarController.m */ = {isa = PBXFileReference; lastKnownFileType = sourcecode.c.objc; path = ICETabBarController.m; sourceTree = "<group>"; };
		228C0561224B0036003E115D /* ICENavigationController.h */ = {isa = PBXFileReference; lastKnownFileType = sourcecode.c.h; path = ICENavigationController.h; sourceTree = "<group>"; };
		228C0562224B0036003E115D /* ICENavigationController.m */ = {isa = PBXFileReference; lastKnownFileType = sourcecode.c.objc; path = ICENavigationController.m; sourceTree = "<group>"; };
		228C0564224B0069003E115D /* ICEBaseView.h */ = {isa = PBXFileReference; lastKnownFileType = sourcecode.c.h; path = ICEBaseView.h; sourceTree = "<group>"; };
		228C0565224B0069003E115D /* ICEBaseView.m */ = {isa = PBXFileReference; lastKnownFileType = sourcecode.c.objc; path = ICEBaseView.m; sourceTree = "<group>"; };
		228C056A224B0098003E115D /* ICEBaseModel.h */ = {isa = PBXFileReference; lastKnownFileType = sourcecode.c.h; path = ICEBaseModel.h; sourceTree = "<group>"; };
		228C056B224B0098003E115D /* ICEBaseModel.m */ = {isa = PBXFileReference; lastKnownFileType = sourcecode.c.objc; path = ICEBaseModel.m; sourceTree = "<group>"; };
		228C056D224B00BD003E115D /* ICETableViewController.h */ = {isa = PBXFileReference; lastKnownFileType = sourcecode.c.h; path = ICETableViewController.h; sourceTree = "<group>"; };
		228C056E224B00BD003E115D /* ICETableViewController.m */ = {isa = PBXFileReference; lastKnownFileType = sourcecode.c.objc; path = ICETableViewController.m; sourceTree = "<group>"; };
		228C0570224B00DC003E115D /* ICEWKWeViewController.h */ = {isa = PBXFileReference; lastKnownFileType = sourcecode.c.h; path = ICEWKWeViewController.h; sourceTree = "<group>"; };
		228C0571224B00DC003E115D /* ICEWKWeViewController.m */ = {isa = PBXFileReference; lastKnownFileType = sourcecode.c.objc; path = ICEWKWeViewController.m; sourceTree = "<group>"; };
		228C0573224B0174003E115D /* WKWebView+ReloadRequest.h */ = {isa = PBXFileReference; fileEncoding = 4; lastKnownFileType = sourcecode.c.h; path = "WKWebView+ReloadRequest.h"; sourceTree = "<group>"; };
		228C0574224B0174003E115D /* WKWebView+ReloadRequest.m */ = {isa = PBXFileReference; fileEncoding = 4; lastKnownFileType = sourcecode.c.objc; path = "WKWebView+ReloadRequest.m"; sourceTree = "<group>"; };
		228C0576224B0D38003E115D /* Environment.h */ = {isa = PBXFileReference; lastKnownFileType = sourcecode.c.h; path = Environment.h; sourceTree = "<group>"; };
		228C0577224B0EAE003E115D /* Constant.h */ = {isa = PBXFileReference; lastKnownFileType = sourcecode.c.h; path = Constant.h; sourceTree = "<group>"; };
		228C06C7224B5F5E003E115D /* OSPlayView.h */ = {isa = PBXFileReference; fileEncoding = 4; lastKnownFileType = sourcecode.c.h; path = OSPlayView.h; sourceTree = "<group>"; };
		228C06C8224B5F5E003E115D /* XFCamera.h */ = {isa = PBXFileReference; fileEncoding = 4; lastKnownFileType = sourcecode.c.h; path = XFCamera.h; sourceTree = "<group>"; };
		228C06C9224B5F5E003E115D /* XFCameraController.h */ = {isa = PBXFileReference; fileEncoding = 4; lastKnownFileType = sourcecode.c.h; path = XFCameraController.h; sourceTree = "<group>"; };
		228C06CA224B5F5E003E115D /* libXFCamera.a */ = {isa = PBXFileReference; lastKnownFileType = archive.ar; path = libXFCamera.a; sourceTree = "<group>"; };
		228C06CB224B5F5E003E115D /* XFResource.bundle */ = {isa = PBXFileReference; lastKnownFileType = "wrapper.plug-in"; path = XFResource.bundle; sourceTree = "<group>"; };
		228C06CE224B6DCE003E115D /* ICEModule1ViewController.h */ = {isa = PBXFileReference; lastKnownFileType = sourcecode.c.h; path = ICEModule1ViewController.h; sourceTree = "<group>"; };
		228C06CF224B6DCE003E115D /* ICEModule1ViewController.m */ = {isa = PBXFileReference; lastKnownFileType = sourcecode.c.objc; path = ICEModule1ViewController.m; sourceTree = "<group>"; };
		228C06D4224B6EFA003E115D /* ICEModule2ViewController.h */ = {isa = PBXFileReference; lastKnownFileType = sourcecode.c.h; path = ICEModule2ViewController.h; sourceTree = "<group>"; };
		228C06D5224B6EFA003E115D /* ICEModule2ViewController.m */ = {isa = PBXFileReference; lastKnownFileType = sourcecode.c.objc; path = ICEModule2ViewController.m; sourceTree = "<group>"; };
		228C06D7224B6F0B003E115D /* ICEModule3ViewController.h */ = {isa = PBXFileReference; lastKnownFileType = sourcecode.c.h; path = ICEModule3ViewController.h; sourceTree = "<group>"; };
		228C06D8224B6F0B003E115D /* ICEModule3ViewController.m */ = {isa = PBXFileReference; lastKnownFileType = sourcecode.c.objc; path = ICEModule3ViewController.m; sourceTree = "<group>"; };
		228C06DA224B6F28003E115D /* ICEModule4ViewController.h */ = {isa = PBXFileReference; lastKnownFileType = sourcecode.c.h; path = ICEModule4ViewController.h; sourceTree = "<group>"; };
		228C06DB224B6F28003E115D /* ICEModule4ViewController.m */ = {isa = PBXFileReference; lastKnownFileType = sourcecode.c.objc; path = ICEModule4ViewController.m; sourceTree = "<group>"; };
		228C06DD224B6F3E003E115D /* ICEModule5ViewController.h */ = {isa = PBXFileReference; lastKnownFileType = sourcecode.c.h; path = ICEModule5ViewController.h; sourceTree = "<group>"; };
		228C06DE224B6F3E003E115D /* ICEModule5ViewController.m */ = {isa = PBXFileReference; lastKnownFileType = sourcecode.c.objc; path = ICEModule5ViewController.m; sourceTree = "<group>"; };
		228C06E0224B74BA003E115D /* UIColor+HexString.h */ = {isa = PBXFileReference; lastKnownFileType = sourcecode.c.h; path = "UIColor+HexString.h"; sourceTree = "<group>"; };
		228C06E1224B74BA003E115D /* UIColor+HexString.m */ = {isa = PBXFileReference; lastKnownFileType = sourcecode.c.objc; path = "UIColor+HexString.m"; sourceTree = "<group>"; };
		228C06E3224B752B003E115D /* UIView+Frame.h */ = {isa = PBXFileReference; lastKnownFileType = sourcecode.c.h; path = "UIView+Frame.h"; sourceTree = "<group>"; };
		228C06E4224B752B003E115D /* UIView+Frame.m */ = {isa = PBXFileReference; lastKnownFileType = sourcecode.c.objc; path = "UIView+Frame.m"; sourceTree = "<group>"; };
		228C06E7224B762D003E115D /* UIViewController+AlertController.h */ = {isa = PBXFileReference; fileEncoding = 4; lastKnownFileType = sourcecode.c.h; path = "UIViewController+AlertController.h"; sourceTree = "<group>"; };
		228C06E8224B762D003E115D /* EJAlertViewController.h */ = {isa = PBXFileReference; fileEncoding = 4; lastKnownFileType = sourcecode.c.h; path = EJAlertViewController.h; sourceTree = "<group>"; };
		228C06E9224B762D003E115D /* EJAlertViewController.m */ = {isa = PBXFileReference; fileEncoding = 4; lastKnownFileType = sourcecode.c.objc; path = EJAlertViewController.m; sourceTree = "<group>"; };
		228C06EA224B762D003E115D /* UIViewController+AlertController.m */ = {isa = PBXFileReference; fileEncoding = 4; lastKnownFileType = sourcecode.c.objc; path = "UIViewController+AlertController.m"; sourceTree = "<group>"; };
		228C06EE224B7896003E115D /* AVFoundation.framework */ = {isa = PBXFileReference; lastKnownFileType = wrapper.framework; name = AVFoundation.framework; path = System/Library/Frameworks/AVFoundation.framework; sourceTree = SDKROOT; };
		22DB3F8A2264530000801186 /* ClassificationViewController.h */ = {isa = PBXFileReference; lastKnownFileType = sourcecode.c.h; path = ClassificationViewController.h; sourceTree = "<group>"; };
		22DB3F8B2264530000801186 /* ClassificationViewController.m */ = {isa = PBXFileReference; lastKnownFileType = sourcecode.c.objc; path = ClassificationViewController.m; sourceTree = "<group>"; };
		22DB3F8D22646C7900801186 /* UIBarButtonItem+SXCreate.h */ = {isa = PBXFileReference; lastKnownFileType = sourcecode.c.h; path = "UIBarButtonItem+SXCreate.h"; sourceTree = "<group>"; };
		22DB3F8E22646C7900801186 /* UIBarButtonItem+SXCreate.m */ = {isa = PBXFileReference; lastKnownFileType = sourcecode.c.objc; path = "UIBarButtonItem+SXCreate.m"; sourceTree = "<group>"; };
		22DB3F982266C76A00801186 /* TableRefreshViewController.h */ = {isa = PBXFileReference; lastKnownFileType = sourcecode.c.h; path = TableRefreshViewController.h; sourceTree = "<group>"; };
		22DB3F992266C76A00801186 /* TableRefreshViewController.m */ = {isa = PBXFileReference; lastKnownFileType = sourcecode.c.objc; path = TableRefreshViewController.m; sourceTree = "<group>"; };
		22DB3F9E2266FB6C00801186 /* MBProgressHUD+Simple.h */ = {isa = PBXFileReference; lastKnownFileType = sourcecode.c.h; path = "MBProgressHUD+Simple.h"; sourceTree = "<group>"; };
		22DB3F9F2266FB6C00801186 /* MBProgressHUD+Simple.m */ = {isa = PBXFileReference; lastKnownFileType = sourcecode.c.objc; path = "MBProgressHUD+Simple.m"; sourceTree = "<group>"; };
		22DB3FA122672ACF00801186 /* ICEAreaModel.h */ = {isa = PBXFileReference; lastKnownFileType = sourcecode.c.h; path = ICEAreaModel.h; sourceTree = "<group>"; };
		22DB3FA222672ACF00801186 /* ICEAreaModel.m */ = {isa = PBXFileReference; lastKnownFileType = sourcecode.c.objc; path = ICEAreaModel.m; sourceTree = "<group>"; };
		22DB3FA422672AE700801186 /* ICEAreaPickView.h */ = {isa = PBXFileReference; lastKnownFileType = sourcecode.c.h; path = ICEAreaPickView.h; sourceTree = "<group>"; };
		22DB3FA522672AE700801186 /* ICEAreaPickView.m */ = {isa = PBXFileReference; lastKnownFileType = sourcecode.c.objc; path = ICEAreaPickView.m; sourceTree = "<group>"; };
		22DB3FA72267303600801186 /* area.plist */ = {isa = PBXFileReference; fileEncoding = 4; lastKnownFileType = text.plist.xml; path = area.plist; sourceTree = "<group>"; };
		48161CD7C29D6C6FAB5BC347 /* Pods_LoadAlertView.framework */ = {isa = PBXFileReference; explicitFileType = wrapper.framework; includeInIndex = 0; path = Pods_LoadAlertView.framework; sourceTree = BUILT_PRODUCTS_DIR; };
		5094B7A1A3349745242B5575 /* Pods-LoadAlertView.release.xcconfig */ = {isa = PBXFileReference; includeInIndex = 1; lastKnownFileType = text.xcconfig; name = "Pods-LoadAlertView.release.xcconfig"; path = "Target Support Files/Pods-LoadAlertView/Pods-LoadAlertView.release.xcconfig"; sourceTree = "<group>"; };
		582281FF8AEABD638829C4A0 /* Pods-LoadAlertView.debug.xcconfig */ = {isa = PBXFileReference; includeInIndex = 1; lastKnownFileType = text.xcconfig; name = "Pods-LoadAlertView.debug.xcconfig"; path = "Target Support Files/Pods-LoadAlertView/Pods-LoadAlertView.debug.xcconfig"; sourceTree = "<group>"; };
		97977F312EE6BCF97DE95436 /* libPods-LoadAlertViewTests.a */ = {isa = PBXFileReference; explicitFileType = archive.ar; includeInIndex = 0; path = "libPods-LoadAlertViewTests.a"; sourceTree = BUILT_PRODUCTS_DIR; };
		FB6663B0DE44DC9DA052EC52 /* libPods-LoadAlertViewUITests.a */ = {isa = PBXFileReference; explicitFileType = archive.ar; includeInIndex = 0; path = "libPods-LoadAlertViewUITests.a"; sourceTree = BUILT_PRODUCTS_DIR; };
/* End PBXFileReference section */

/* Begin PBXFrameworksBuildPhase section */
		228C04E32249BEB6003E115D /* Frameworks */ = {
			isa = PBXFrameworksBuildPhase;
			buildActionMask = 2147483647;
			files = (
				228C06CC224B5F5E003E115D /* libXFCamera.a in Frameworks */,
				7CB29CDF3AFDAB8BE9D2D04E /* Pods_LoadAlertView.framework in Frameworks */,
			);
			runOnlyForDeploymentPostprocessing = 0;
		};
		228C04FB2249BEB8003E115D /* Frameworks */ = {
			isa = PBXFrameworksBuildPhase;
			buildActionMask = 2147483647;
			files = (
			);
			runOnlyForDeploymentPostprocessing = 0;
		};
		228C05062249BEB8003E115D /* Frameworks */ = {
			isa = PBXFrameworksBuildPhase;
			buildActionMask = 2147483647;
			files = (
			);
			runOnlyForDeploymentPostprocessing = 0;
		};
/* End PBXFrameworksBuildPhase section */

/* Begin PBXGroup section */
		228C04DD2249BEB6003E115D = {
			isa = PBXGroup;
			children = (
				228C04E82249BEB6003E115D /* LoadAlertView */,
				228C05012249BEB8003E115D /* LoadAlertViewTests */,
				228C050C2249BEB8003E115D /* LoadAlertViewUITests */,
				228C04E72249BEB6003E115D /* Products */,
				228C06ED224B7896003E115D /* Frameworks */,
				2F5A83CD00E65E263D34B7E4 /* Pods */,
			);
			sourceTree = "<group>";
		};
		228C04E72249BEB6003E115D /* Products */ = {
			isa = PBXGroup;
			children = (
				228C04E62249BEB6003E115D /* LoadAlertView.app */,
				228C04FE2249BEB8003E115D /* LoadAlertViewTests.xctest */,
				228C05092249BEB8003E115D /* LoadAlertViewUITests.xctest */,
			);
			name = Products;
			sourceTree = "<group>";
		};
		228C04E82249BEB6003E115D /* LoadAlertView */ = {
			isa = PBXGroup;
			children = (
				228C0578224B159A003E115D /* Others */,
				228C0540224AFD85003E115D /* MainBusiness */,
				228C053F224AFCF5003E115D /* BaseClass */,
				228C053E224AFCDC003E115D /* Expand */,
				228C0537224A1F84003E115D /* Tools */,
				228C052E224A0A46003E115D /* Configure */,
				228C052A224A0886003E115D /* Guide */,
				228C05242249C448003E115D /* API */,
				228C04E92249BEB6003E115D /* AppDelegate.h */,
				228C04EA2249BEB6003E115D /* AppDelegate.m */,
				228C04EC2249BEB6003E115D /* ViewController.h */,
				228C04ED2249BEB6003E115D /* ViewController.m */,
				228C04EF2249BEB6003E115D /* Main.storyboard */,
				228C04F22249BEB8003E115D /* Assets.xcassets */,
				228C04F42249BEB8003E115D /* LaunchScreen.storyboard */,
				22DB3FA72267303600801186 /* area.plist */,
				228C04F72249BEB8003E115D /* Info.plist */,
				228C04F82249BEB8003E115D /* main.m */,
			);
			path = LoadAlertView;
			sourceTree = "<group>";
		};
		228C05012249BEB8003E115D /* LoadAlertViewTests */ = {
			isa = PBXGroup;
			children = (
				228C05022249BEB8003E115D /* LoadAlertViewTests.m */,
				228C05042249BEB8003E115D /* Info.plist */,
			);
			path = LoadAlertViewTests;
			sourceTree = "<group>";
		};
		228C050C2249BEB8003E115D /* LoadAlertViewUITests */ = {
			isa = PBXGroup;
			children = (
				228C050D2249BEB8003E115D /* LoadAlertViewUITests.m */,
				228C050F2249BEB8003E115D /* Info.plist */,
			);
			path = LoadAlertViewUITests;
			sourceTree = "<group>";
		};
		228C05242249C448003E115D /* API */ = {
			isa = PBXGroup;
			children = (
				228C05212249C42F003E115D /* APIRequest.h */,
				228C05222249C42F003E115D /* APIRequest.m */,
			);
			path = API;
			sourceTree = "<group>";
		};
		228C052A224A0886003E115D /* Guide */ = {
			isa = PBXGroup;
			children = (
				228C052B224A091B003E115D /* ICEGuideController.h */,
				228C052C224A091B003E115D /* ICEGuideController.m */,
			);
			path = Guide;
			sourceTree = "<group>";
		};
		228C052E224A0A46003E115D /* Configure */ = {
			isa = PBXGroup;
			children = (
				228C0534224A0B30003E115D /* Header.h */,
				228C0535224A0BD4003E115D /* PrefixHeader.pch */,
				228C0536224A0CB8003E115D /* Macros.h */,
				228C0576224B0D38003E115D /* Environment.h */,
				228C0577224B0EAE003E115D /* Constant.h */,
			);
			path = Configure;
			sourceTree = "<group>";
		};
		228C0537224A1F84003E115D /* Tools */ = {
			isa = PBXGroup;
			children = (
				228C0538224A1FAE003E115D /* ICEToolsHelper.h */,
				228C0539224A1FAE003E115D /* ICEToolsHelper.m */,
				228C053B224A2006003E115D /* ICEUIFactory.h */,
				228C053C224A2006003E115D /* ICEUIFactory.m */,
			);
			path = Tools;
			sourceTree = "<group>";
		};
		228C053E224AFCDC003E115D /* Expand */ = {
			isa = PBXGroup;
			children = (
				228C0573224B0174003E115D /* WKWebView+ReloadRequest.h */,
				228C0574224B0174003E115D /* WKWebView+ReloadRequest.m */,
				228C06E0224B74BA003E115D /* UIColor+HexString.h */,
				228C06E1224B74BA003E115D /* UIColor+HexString.m */,
				228C06E3224B752B003E115D /* UIView+Frame.h */,
				228C06E4224B752B003E115D /* UIView+Frame.m */,
				22DB3F8D22646C7900801186 /* UIBarButtonItem+SXCreate.h */,
				22DB3F8E22646C7900801186 /* UIBarButtonItem+SXCreate.m */,
				22DB3F9E2266FB6C00801186 /* MBProgressHUD+Simple.h */,
				22DB3F9F2266FB6C00801186 /* MBProgressHUD+Simple.m */,
			);
			path = Expand;
			sourceTree = "<group>";
		};
		228C053F224AFCF5003E115D /* BaseClass */ = {
			isa = PBXGroup;
			children = (
				228C0555224AFFC6003E115D /* ICEBaseViewController.h */,
				228C0556224AFFC6003E115D /* ICEBaseViewController.m */,
				228C0558224AFFF6003E115D /* ICETabBar.h */,
				228C0559224AFFF6003E115D /* ICETabBar.m */,
				228C055B224B000B003E115D /* ICETabBarController.h */,
				228C055C224B000B003E115D /* ICETabBarController.m */,
				228C0561224B0036003E115D /* ICENavigationController.h */,
				228C0562224B0036003E115D /* ICENavigationController.m */,
				228C0564224B0069003E115D /* ICEBaseView.h */,
				228C0565224B0069003E115D /* ICEBaseView.m */,
				228C056A224B0098003E115D /* ICEBaseModel.h */,
				228C056B224B0098003E115D /* ICEBaseModel.m */,
				228C056D224B00BD003E115D /* ICETableViewController.h */,
				228C056E224B00BD003E115D /* ICETableViewController.m */,
				228C0570224B00DC003E115D /* ICEWKWeViewController.h */,
				228C0571224B00DC003E115D /* ICEWKWeViewController.m */,
				221D6600224DCB8D00F2AB2C /* ICEBaseTableViewCell.h */,
				221D6601224DCB8D00F2AB2C /* ICEBaseTableViewCell.m */,
			);
			path = BaseClass;
			sourceTree = "<group>";
		};
		228C0540224AFD85003E115D /* MainBusiness */ = {
			isa = PBXGroup;
			children = (
				228C0545224AFDFC003E115D /* FunctionalModule_1 */,
				228C0544224AFDFA003E115D /* FunctionalModule_2 */,
				228C0543224AFDF7003E115D /* FunctionalModule_3 */,
				228C0542224AFDF4003E115D /* FunctionalModule_4 */,
				228C0541224AFDD6003E115D /* FunctionalModule_5 */,
			);
			path = MainBusiness;
			sourceTree = "<group>";
		};
		228C0541224AFDD6003E115D /* FunctionalModule_5 */ = {
			isa = PBXGroup;
			children = (
				228C0554224AFF11003E115D /* Controller */,
				228C0553224AFF0B003E115D /* View */,
				228C0552224AFF03003E115D /* Model */,
			);
			path = FunctionalModule_5;
			sourceTree = "<group>";
		};
		228C0542224AFDF4003E115D /* FunctionalModule_4 */ = {
			isa = PBXGroup;
			children = (
				228C0551224AFEED003E115D /* Controller */,
				228C0550224AFEE8003E115D /* View */,
				228C054F224AFEE3003E115D /* Model */,
			);
			path = FunctionalModule_4;
			sourceTree = "<group>";
		};
		228C0543224AFDF7003E115D /* FunctionalModule_3 */ = {
			isa = PBXGroup;
			children = (
				228C054E224AFED9003E115D /* Controller */,
				228C054D224AFED5003E115D /* View */,
				228C054C224AFECE003E115D /* Model */,
			);
			path = FunctionalModule_3;
			sourceTree = "<group>";
		};
		228C0544224AFDFA003E115D /* FunctionalModule_2 */ = {
			isa = PBXGroup;
			children = (
				228C054B224AFE8B003E115D /* Controller */,
				228C054A224AFE86003E115D /* View */,
				228C0549224AFE80003E115D /* Model */,
			);
			path = FunctionalModule_2;
			sourceTree = "<group>";
		};
		228C0545224AFDFC003E115D /* FunctionalModule_1 */ = {
			isa = PBXGroup;
			children = (
				228C0548224AFE6D003E115D /* Controller */,
				228C0547224AFE67003E115D /* View */,
				228C0546224AFE57003E115D /* Model */,
			);
			path = FunctionalModule_1;
			sourceTree = "<group>";
		};
		228C0546224AFE57003E115D /* Model */ = {
			isa = PBXGroup;
			children = (
			);
			path = Model;
			sourceTree = "<group>";
		};
		228C0547224AFE67003E115D /* View */ = {
			isa = PBXGroup;
			children = (
			);
			path = View;
			sourceTree = "<group>";
		};
		228C0548224AFE6D003E115D /* Controller */ = {
			isa = PBXGroup;
			children = (
				228C06CE224B6DCE003E115D /* ICEModule1ViewController.h */,
				228C06CF224B6DCE003E115D /* ICEModule1ViewController.m */,
			);
			path = Controller;
			sourceTree = "<group>";
		};
		228C0549224AFE80003E115D /* Model */ = {
			isa = PBXGroup;
			children = (
				22DB3FA122672ACF00801186 /* ICEAreaModel.h */,
				22DB3FA222672ACF00801186 /* ICEAreaModel.m */,
			);
			path = Model;
			sourceTree = "<group>";
		};
		228C054A224AFE86003E115D /* View */ = {
			isa = PBXGroup;
			children = (
				22DB3FA422672AE700801186 /* ICEAreaPickView.h */,
				22DB3FA522672AE700801186 /* ICEAreaPickView.m */,
			);
			path = View;
			sourceTree = "<group>";
		};
		228C054B224AFE8B003E115D /* Controller */ = {
			isa = PBXGroup;
			children = (
				228C06D4224B6EFA003E115D /* ICEModule2ViewController.h */,
				228C06D5224B6EFA003E115D /* ICEModule2ViewController.m */,
			);
			path = Controller;
			sourceTree = "<group>";
		};
		228C054C224AFECE003E115D /* Model */ = {
			isa = PBXGroup;
			children = (
			);
			path = Model;
			sourceTree = "<group>";
		};
		228C054D224AFED5003E115D /* View */ = {
			isa = PBXGroup;
			children = (
			);
			path = View;
			sourceTree = "<group>";
		};
		228C054E224AFED9003E115D /* Controller */ = {
			isa = PBXGroup;
			children = (
				228C06D7224B6F0B003E115D /* ICEModule3ViewController.h */,
				228C06D8224B6F0B003E115D /* ICEModule3ViewController.m */,
			);
			path = Controller;
			sourceTree = "<group>";
		};
		228C054F224AFEE3003E115D /* Model */ = {
			isa = PBXGroup;
			children = (
			);
			path = Model;
			sourceTree = "<group>";
		};
		228C0550224AFEE8003E115D /* View */ = {
			isa = PBXGroup;
			children = (
				221D6603224DCBDA00F2AB2C /* MutilImgCell.h */,
				221D6604224DCBDA00F2AB2C /* MutilImgCell.m */,
				221D6606224DEC9800F2AB2C /* DeleteImgViewCell.h */,
				221D6607224DEC9800F2AB2C /* DeleteImgViewCell.m */,
			);
			path = View;
			sourceTree = "<group>";
		};
		228C0551224AFEED003E115D /* Controller */ = {
			isa = PBXGroup;
			children = (
				228C06DA224B6F28003E115D /* ICEModule4ViewController.h */,
				228C06DB224B6F28003E115D /* ICEModule4ViewController.m */,
			);
			path = Controller;
			sourceTree = "<group>";
		};
		228C0552224AFF03003E115D /* Model */ = {
			isa = PBXGroup;
			children = (
			);
			path = Model;
			sourceTree = "<group>";
		};
		228C0553224AFF0B003E115D /* View */ = {
			isa = PBXGroup;
			children = (
			);
			path = View;
			sourceTree = "<group>";
		};
		228C0554224AFF11003E115D /* Controller */ = {
			isa = PBXGroup;
			children = (
				228C06DD224B6F3E003E115D /* ICEModule5ViewController.h */,
				228C06DE224B6F3E003E115D /* ICEModule5ViewController.m */,
				22DB3F8A2264530000801186 /* ClassificationViewController.h */,
				22DB3F8B2264530000801186 /* ClassificationViewController.m */,
				22DB3F982266C76A00801186 /* TableRefreshViewController.h */,
				22DB3F992266C76A00801186 /* TableRefreshViewController.m */,
			);
			path = Controller;
			sourceTree = "<group>";
		};
		228C0578224B159A003E115D /* Others */ = {
			isa = PBXGroup;
			children = (
				228C06E6224B762D003E115D /* AlertController */,
				228C0579224B15CC003E115D /* XFCamera */,
			);
			path = Others;
			sourceTree = "<group>";
		};
		228C0579224B15CC003E115D /* XFCamera */ = {
			isa = PBXGroup;
			children = (
				228C06C5224B5F5E003E115D /* include */,
				228C06CA224B5F5E003E115D /* libXFCamera.a */,
				228C06CB224B5F5E003E115D /* XFResource.bundle */,
			);
			path = XFCamera;
			sourceTree = "<group>";
		};
		228C06C5224B5F5E003E115D /* include */ = {
			isa = PBXGroup;
			children = (
				228C06C6224B5F5E003E115D /* XFCamera */,
			);
			path = include;
			sourceTree = "<group>";
		};
		228C06C6224B5F5E003E115D /* XFCamera */ = {
			isa = PBXGroup;
			children = (
				228C06C7224B5F5E003E115D /* OSPlayView.h */,
				228C06C8224B5F5E003E115D /* XFCamera.h */,
				228C06C9224B5F5E003E115D /* XFCameraController.h */,
			);
			path = XFCamera;
			sourceTree = "<group>";
		};
		228C06E6224B762D003E115D /* AlertController */ = {
			isa = PBXGroup;
			children = (
				228C06E7224B762D003E115D /* UIViewController+AlertController.h */,
				228C06E8224B762D003E115D /* EJAlertViewController.h */,
				228C06E9224B762D003E115D /* EJAlertViewController.m */,
				228C06EA224B762D003E115D /* UIViewController+AlertController.m */,
			);
			path = AlertController;
			sourceTree = "<group>";
		};
		228C06ED224B7896003E115D /* Frameworks */ = {
			isa = PBXGroup;
			children = (
				228C06EE224B7896003E115D /* AVFoundation.framework */,
				97977F312EE6BCF97DE95436 /* libPods-LoadAlertViewTests.a */,
				FB6663B0DE44DC9DA052EC52 /* libPods-LoadAlertViewUITests.a */,
				48161CD7C29D6C6FAB5BC347 /* Pods_LoadAlertView.framework */,
			);
			name = Frameworks;
			sourceTree = "<group>";
		};
		2F5A83CD00E65E263D34B7E4 /* Pods */ = {
			isa = PBXGroup;
			children = (
				582281FF8AEABD638829C4A0 /* Pods-LoadAlertView.debug.xcconfig */,
				5094B7A1A3349745242B5575 /* Pods-LoadAlertView.release.xcconfig */,
			);
			path = Pods;
			sourceTree = "<group>";
		};
/* End PBXGroup section */

/* Begin PBXNativeTarget section */
		228C04E52249BEB6003E115D /* LoadAlertView */ = {
			isa = PBXNativeTarget;
			buildConfigurationList = 228C05122249BEB8003E115D /* Build configuration list for PBXNativeTarget "LoadAlertView" */;
			buildPhases = (
				B07C88DD462F9CCFF72FD8D4 /* [CP] Check Pods Manifest.lock */,
				228C04E22249BEB6003E115D /* Sources */,
				228C04E32249BEB6003E115D /* Frameworks */,
				228C04E42249BEB6003E115D /* Resources */,
				409305BE027A2C2031A0C824 /* [CP] Embed Pods Frameworks */,
			);
			buildRules = (
			);
			dependencies = (
			);
			name = LoadAlertView;
			productName = LoadAlertView;
			productReference = 228C04E62249BEB6003E115D /* LoadAlertView.app */;
			productType = "com.apple.product-type.application";
		};
		228C04FD2249BEB8003E115D /* LoadAlertViewTests */ = {
			isa = PBXNativeTarget;
			buildConfigurationList = 228C05152249BEB8003E115D /* Build configuration list for PBXNativeTarget "LoadAlertViewTests" */;
			buildPhases = (
				228C04FA2249BEB8003E115D /* Sources */,
				228C04FB2249BEB8003E115D /* Frameworks */,
				228C04FC2249BEB8003E115D /* Resources */,
			);
			buildRules = (
			);
			dependencies = (
				228C05002249BEB8003E115D /* PBXTargetDependency */,
			);
			name = LoadAlertViewTests;
			productName = LoadAlertViewTests;
			productReference = 228C04FE2249BEB8003E115D /* LoadAlertViewTests.xctest */;
			productType = "com.apple.product-type.bundle.unit-test";
		};
		228C05082249BEB8003E115D /* LoadAlertViewUITests */ = {
			isa = PBXNativeTarget;
			buildConfigurationList = 228C05182249BEB8003E115D /* Build configuration list for PBXNativeTarget "LoadAlertViewUITests" */;
			buildPhases = (
				228C05052249BEB8003E115D /* Sources */,
				228C05062249BEB8003E115D /* Frameworks */,
				228C05072249BEB8003E115D /* Resources */,
			);
			buildRules = (
			);
			dependencies = (
				228C050B2249BEB8003E115D /* PBXTargetDependency */,
			);
			name = LoadAlertViewUITests;
			productName = LoadAlertViewUITests;
			productReference = 228C05092249BEB8003E115D /* LoadAlertViewUITests.xctest */;
			productType = "com.apple.product-type.bundle.ui-testing";
		};
/* End PBXNativeTarget section */

/* Begin PBXProject section */
		228C04DE2249BEB6003E115D /* Project object */ = {
			isa = PBXProject;
			attributes = {
				LastUpgradeCheck = 1010;
				ORGANIZATIONNAME = doman;
				TargetAttributes = {
					228C04E52249BEB6003E115D = {
						CreatedOnToolsVersion = 10.1;
					};
					228C04FD2249BEB8003E115D = {
						CreatedOnToolsVersion = 10.1;
						TestTargetID = 228C04E52249BEB6003E115D;
					};
					228C05082249BEB8003E115D = {
						CreatedOnToolsVersion = 10.1;
						TestTargetID = 228C04E52249BEB6003E115D;
					};
				};
			};
			buildConfigurationList = 228C04E12249BEB6003E115D /* Build configuration list for PBXProject "LoadAlertView" */;
			compatibilityVersion = "Xcode 9.3";
			developmentRegion = en;
			hasScannedForEncodings = 0;
			knownRegions = (
				en,
				Base,
			);
			mainGroup = 228C04DD2249BEB6003E115D;
			productRefGroup = 228C04E72249BEB6003E115D /* Products */;
			projectDirPath = "";
			projectRoot = "";
			targets = (
				228C04E52249BEB6003E115D /* LoadAlertView */,
				228C04FD2249BEB8003E115D /* LoadAlertViewTests */,
				228C05082249BEB8003E115D /* LoadAlertViewUITests */,
			);
		};
/* End PBXProject section */

/* Begin PBXResourcesBuildPhase section */
		228C04E42249BEB6003E115D /* Resources */ = {
			isa = PBXResourcesBuildPhase;
			buildActionMask = 2147483647;
			files = (
				228C04F62249BEB8003E115D /* LaunchScreen.storyboard in Resources */,
				22DB3FA82267303600801186 /* area.plist in Resources */,
				228C04F32249BEB8003E115D /* Assets.xcassets in Resources */,
				228C04F12249BEB6003E115D /* Main.storyboard in Resources */,
				228C06CD224B5F5E003E115D /* XFResource.bundle in Resources */,
			);
			runOnlyForDeploymentPostprocessing = 0;
		};
		228C04FC2249BEB8003E115D /* Resources */ = {
			isa = PBXResourcesBuildPhase;
			buildActionMask = 2147483647;
			files = (
			);
			runOnlyForDeploymentPostprocessing = 0;
		};
		228C05072249BEB8003E115D /* Resources */ = {
			isa = PBXResourcesBuildPhase;
			buildActionMask = 2147483647;
			files = (
			);
			runOnlyForDeploymentPostprocessing = 0;
		};
/* End PBXResourcesBuildPhase section */

/* Begin PBXShellScriptBuildPhase section */
		409305BE027A2C2031A0C824 /* [CP] Embed Pods Frameworks */ = {
			isa = PBXShellScriptBuildPhase;
			buildActionMask = 2147483647;
			files = (
			);
			inputFileListPaths = (
			);
			inputPaths = (
				"${PODS_ROOT}/Target Support Files/Pods-LoadAlertView/Pods-LoadAlertView-frameworks.sh",
				"${BUILT_PRODUCTS_DIR}/KafkaRefresh/KafkaRefresh.framework",
				"${BUILT_PRODUCTS_DIR}/MBProgressHUD/MBProgressHUD.framework",
				"${BUILT_PRODUCTS_DIR}/MJExtension/MJExtension.framework",
				"${BUILT_PRODUCTS_DIR}/SDWebImage/SDWebImage.framework",
				"${BUILT_PRODUCTS_DIR}/TYPagerController/TYPagerController.framework",
				"${BUILT_PRODUCTS_DIR}/TZImagePickerController/TZImagePickerController.framework",
				"${BUILT_PRODUCTS_DIR}/UINavigation-SXFixSpace/UINavigation_SXFixSpace.framework",
			);
			name = "[CP] Embed Pods Frameworks";
			outputFileListPaths = (
			);
			outputPaths = (
				"${TARGET_BUILD_DIR}/${FRAMEWORKS_FOLDER_PATH}/KafkaRefresh.framework",
				"${TARGET_BUILD_DIR}/${FRAMEWORKS_FOLDER_PATH}/MBProgressHUD.framework",
				"${TARGET_BUILD_DIR}/${FRAMEWORKS_FOLDER_PATH}/MJExtension.framework",
				"${TARGET_BUILD_DIR}/${FRAMEWORKS_FOLDER_PATH}/SDWebImage.framework",
				"${TARGET_BUILD_DIR}/${FRAMEWORKS_FOLDER_PATH}/TYPagerController.framework",
				"${TARGET_BUILD_DIR}/${FRAMEWORKS_FOLDER_PATH}/TZImagePickerController.framework",
				"${TARGET_BUILD_DIR}/${FRAMEWORKS_FOLDER_PATH}/UINavigation_SXFixSpace.framework",
			);
			runOnlyForDeploymentPostprocessing = 0;
			shellPath = /bin/sh;
			shellScript = "\"${PODS_ROOT}/Target Support Files/Pods-LoadAlertView/Pods-LoadAlertView-frameworks.sh\"\n";
			showEnvVarsInLog = 0;
		};
		B07C88DD462F9CCFF72FD8D4 /* [CP] Check Pods Manifest.lock */ = {
			isa = PBXShellScriptBuildPhase;
			buildActionMask = 2147483647;
			files = (
			);
			inputFileListPaths = (
			);
			inputPaths = (
				"${PODS_PODFILE_DIR_PATH}/Podfile.lock",
				"${PODS_ROOT}/Manifest.lock",
			);
			name = "[CP] Check Pods Manifest.lock";
			outputFileListPaths = (
			);
			outputPaths = (
				"$(DERIVED_FILE_DIR)/Pods-LoadAlertView-checkManifestLockResult.txt",
			);
			runOnlyForDeploymentPostprocessing = 0;
			shellPath = /bin/sh;
			shellScript = "diff \"${PODS_PODFILE_DIR_PATH}/Podfile.lock\" \"${PODS_ROOT}/Manifest.lock\" > /dev/null\nif [ $? != 0 ] ; then\n    # print error to STDERR\n    echo \"error: The sandbox is not in sync with the Podfile.lock. Run 'pod install' or update your CocoaPods installation.\" >&2\n    exit 1\nfi\n# This output is used by Xcode 'outputs' to avoid re-running this script phase.\necho \"SUCCESS\" > \"${SCRIPT_OUTPUT_FILE_0}\"\n";
			showEnvVarsInLog = 0;
		};
/* End PBXShellScriptBuildPhase section */

/* Begin PBXSourcesBuildPhase section */
		228C04E22249BEB6003E115D /* Sources */ = {
			isa = PBXSourcesBuildPhase;
			buildActionMask = 2147483647;
			files = (
				228C06E5224B752B003E115D /* UIView+Frame.m in Sources */,
				228C06DC224B6F28003E115D /* ICEModule4ViewController.m in Sources */,
				228C0572224B00DC003E115D /* ICEWKWeViewController.m in Sources */,
				228C06DF224B6F3E003E115D /* ICEModule5ViewController.m in Sources */,
				22DB3F8C2264530000801186 /* ClassificationViewController.m in Sources */,
				228C0566224B0069003E115D /* ICEBaseView.m in Sources */,
				228C06D0224B6DCE003E115D /* ICEModule1ViewController.m in Sources */,
				22DB3FA322672ACF00801186 /* ICEAreaModel.m in Sources */,
				221D6602224DCB8D00F2AB2C /* ICEBaseTableViewCell.m in Sources */,
				228C053D224A2006003E115D /* ICEUIFactory.m in Sources */,
				228C06EC224B762D003E115D /* UIViewController+AlertController.m in Sources */,
				228C056F224B00BD003E115D /* ICETableViewController.m in Sources */,
				22DB3FA02266FB6C00801186 /* MBProgressHUD+Simple.m in Sources */,
				228C055D224B000B003E115D /* ICETabBarController.m in Sources */,
				22DB3F9A2266C76A00801186 /* TableRefreshViewController.m in Sources */,
				221D6605224DCBDA00F2AB2C /* MutilImgCell.m in Sources */,
				228C06D9224B6F0B003E115D /* ICEModule3ViewController.m in Sources */,
				228C04EE2249BEB6003E115D /* ViewController.m in Sources */,
				228C056C224B0098003E115D /* ICEBaseModel.m in Sources */,
				228C0575224B0174003E115D /* WKWebView+ReloadRequest.m in Sources */,
				228C055A224AFFF6003E115D /* ICETabBar.m in Sources */,
				22DB3F8F22646C7900801186 /* UIBarButtonItem+SXCreate.m in Sources */,
				228C06D6224B6EFA003E115D /* ICEModule2ViewController.m in Sources */,
				228C04F92249BEB8003E115D /* main.m in Sources */,
				228C0563224B0036003E115D /* ICENavigationController.m in Sources */,
				221D6608224DEC9800F2AB2C /* DeleteImgViewCell.m in Sources */,
				22DB3FA622672AE700801186 /* ICEAreaPickView.m in Sources */,
				228C05232249C42F003E115D /* APIRequest.m in Sources */,
				228C052D224A091B003E115D /* ICEGuideController.m in Sources */,
				228C06E2224B74BA003E115D /* UIColor+HexString.m in Sources */,
				228C0557224AFFC6003E115D /* ICEBaseViewController.m in Sources */,
				228C06EB224B762D003E115D /* EJAlertViewController.m in Sources */,
				228C04EB2249BEB6003E115D /* AppDelegate.m in Sources */,
				228C053A224A1FAE003E115D /* ICEToolsHelper.m in Sources */,
			);
			runOnlyForDeploymentPostprocessing = 0;
		};
		228C04FA2249BEB8003E115D /* Sources */ = {
			isa = PBXSourcesBuildPhase;
			buildActionMask = 2147483647;
			files = (
				228C05032249BEB8003E115D /* LoadAlertViewTests.m in Sources */,
			);
			runOnlyForDeploymentPostprocessing = 0;
		};
		228C05052249BEB8003E115D /* Sources */ = {
			isa = PBXSourcesBuildPhase;
			buildActionMask = 2147483647;
			files = (
				228C050E2249BEB8003E115D /* LoadAlertViewUITests.m in Sources */,
			);
			runOnlyForDeploymentPostprocessing = 0;
		};
/* End PBXSourcesBuildPhase section */

/* Begin PBXTargetDependency section */
		228C05002249BEB8003E115D /* PBXTargetDependency */ = {
			isa = PBXTargetDependency;
			target = 228C04E52249BEB6003E115D /* LoadAlertView */;
			targetProxy = 228C04FF2249BEB8003E115D /* PBXContainerItemProxy */;
		};
		228C050B2249BEB8003E115D /* PBXTargetDependency */ = {
			isa = PBXTargetDependency;
			target = 228C04E52249BEB6003E115D /* LoadAlertView */;
			targetProxy = 228C050A2249BEB8003E115D /* PBXContainerItemProxy */;
		};
/* End PBXTargetDependency section */

/* Begin PBXVariantGroup section */
		228C04EF2249BEB6003E115D /* Main.storyboard */ = {
			isa = PBXVariantGroup;
			children = (
				228C04F02249BEB6003E115D /* Base */,
			);
			name = Main.storyboard;
			sourceTree = "<group>";
		};
		228C04F42249BEB8003E115D /* LaunchScreen.storyboard */ = {
			isa = PBXVariantGroup;
			children = (
				228C04F52249BEB8003E115D /* Base */,
			);
			name = LaunchScreen.storyboard;
			sourceTree = "<group>";
		};
/* End PBXVariantGroup section */

/* Begin XCBuildConfiguration section */
		228C05102249BEB8003E115D /* Debug */ = {
			isa = XCBuildConfiguration;
			buildSettings = {
				ALWAYS_SEARCH_USER_PATHS = NO;
				CLANG_ANALYZER_NONNULL = YES;
				CLANG_ANALYZER_NUMBER_OBJECT_CONVERSION = YES_AGGRESSIVE;
				CLANG_CXX_LANGUAGE_STANDARD = "gnu++14";
				CLANG_CXX_LIBRARY = "libc++";
				CLANG_ENABLE_MODULES = YES;
				CLANG_ENABLE_OBJC_ARC = YES;
				CLANG_ENABLE_OBJC_WEAK = YES;
				CLANG_WARN_BLOCK_CAPTURE_AUTORELEASING = YES;
				CLANG_WARN_BOOL_CONVERSION = YES;
				CLANG_WARN_COMMA = YES;
				CLANG_WARN_CONSTANT_CONVERSION = YES;
				CLANG_WARN_DEPRECATED_OBJC_IMPLEMENTATIONS = YES;
				CLANG_WARN_DIRECT_OBJC_ISA_USAGE = YES_ERROR;
				CLANG_WARN_DOCUMENTATION_COMMENTS = YES;
				CLANG_WARN_EMPTY_BODY = YES;
				CLANG_WARN_ENUM_CONVERSION = YES;
				CLANG_WARN_INFINITE_RECURSION = YES;
				CLANG_WARN_INT_CONVERSION = YES;
				CLANG_WARN_NON_LITERAL_NULL_CONVERSION = YES;
				CLANG_WARN_OBJC_IMPLICIT_RETAIN_SELF = YES;
				CLANG_WARN_OBJC_LITERAL_CONVERSION = YES;
				CLANG_WARN_OBJC_ROOT_CLASS = YES_ERROR;
				CLANG_WARN_RANGE_LOOP_ANALYSIS = YES;
				CLANG_WARN_STRICT_PROTOTYPES = YES;
				CLANG_WARN_SUSPICIOUS_MOVE = YES;
				CLANG_WARN_UNGUARDED_AVAILABILITY = YES_AGGRESSIVE;
				CLANG_WARN_UNREACHABLE_CODE = YES;
				CLANG_WARN__DUPLICATE_METHOD_MATCH = YES;
				CODE_SIGN_IDENTITY = "iPhone Developer";
				COPY_PHASE_STRIP = NO;
				DEBUG_INFORMATION_FORMAT = dwarf;
				ENABLE_STRICT_OBJC_MSGSEND = YES;
				ENABLE_TESTABILITY = YES;
				GCC_C_LANGUAGE_STANDARD = gnu11;
				GCC_DYNAMIC_NO_PIC = NO;
				GCC_NO_COMMON_BLOCKS = YES;
				GCC_OPTIMIZATION_LEVEL = 0;
				GCC_PREPROCESSOR_DEFINITIONS = (
					"DEBUG=1",
					"$(inherited)",
				);
				GCC_WARN_64_TO_32_BIT_CONVERSION = YES;
				GCC_WARN_ABOUT_RETURN_TYPE = YES_ERROR;
				GCC_WARN_UNDECLARED_SELECTOR = YES;
				GCC_WARN_UNINITIALIZED_AUTOS = YES_AGGRESSIVE;
				GCC_WARN_UNUSED_FUNCTION = YES;
				GCC_WARN_UNUSED_VARIABLE = YES;
				IPHONEOS_DEPLOYMENT_TARGET = 9.0;
				MTL_ENABLE_DEBUG_INFO = INCLUDE_SOURCE;
				MTL_FAST_MATH = YES;
				ONLY_ACTIVE_ARCH = YES;
				SDKROOT = iphoneos;
			};
			name = Debug;
		};
		228C05112249BEB8003E115D /* Release */ = {
			isa = XCBuildConfiguration;
			buildSettings = {
				ALWAYS_SEARCH_USER_PATHS = NO;
				CLANG_ANALYZER_NONNULL = YES;
				CLANG_ANALYZER_NUMBER_OBJECT_CONVERSION = YES_AGGRESSIVE;
				CLANG_CXX_LANGUAGE_STANDARD = "gnu++14";
				CLANG_CXX_LIBRARY = "libc++";
				CLANG_ENABLE_MODULES = YES;
				CLANG_ENABLE_OBJC_ARC = YES;
				CLANG_ENABLE_OBJC_WEAK = YES;
				CLANG_WARN_BLOCK_CAPTURE_AUTORELEASING = YES;
				CLANG_WARN_BOOL_CONVERSION = YES;
				CLANG_WARN_COMMA = YES;
				CLANG_WARN_CONSTANT_CONVERSION = YES;
				CLANG_WARN_DEPRECATED_OBJC_IMPLEMENTATIONS = YES;
				CLANG_WARN_DIRECT_OBJC_ISA_USAGE = YES_ERROR;
				CLANG_WARN_DOCUMENTATION_COMMENTS = YES;
				CLANG_WARN_EMPTY_BODY = YES;
				CLANG_WARN_ENUM_CONVERSION = YES;
				CLANG_WARN_INFINITE_RECURSION = YES;
				CLANG_WARN_INT_CONVERSION = YES;
				CLANG_WARN_NON_LITERAL_NULL_CONVERSION = YES;
				CLANG_WARN_OBJC_IMPLICIT_RETAIN_SELF = YES;
				CLANG_WARN_OBJC_LITERAL_CONVERSION = YES;
				CLANG_WARN_OBJC_ROOT_CLASS = YES_ERROR;
				CLANG_WARN_RANGE_LOOP_ANALYSIS = YES;
				CLANG_WARN_STRICT_PROTOTYPES = YES;
				CLANG_WARN_SUSPICIOUS_MOVE = YES;
				CLANG_WARN_UNGUARDED_AVAILABILITY = YES_AGGRESSIVE;
				CLANG_WARN_UNREACHABLE_CODE = YES;
				CLANG_WARN__DUPLICATE_METHOD_MATCH = YES;
				CODE_SIGN_IDENTITY = "iPhone Developer";
				COPY_PHASE_STRIP = NO;
				DEBUG_INFORMATION_FORMAT = "dwarf-with-dsym";
				ENABLE_NS_ASSERTIONS = NO;
				ENABLE_STRICT_OBJC_MSGSEND = YES;
				GCC_C_LANGUAGE_STANDARD = gnu11;
				GCC_NO_COMMON_BLOCKS = YES;
				GCC_WARN_64_TO_32_BIT_CONVERSION = YES;
				GCC_WARN_ABOUT_RETURN_TYPE = YES_ERROR;
				GCC_WARN_UNDECLARED_SELECTOR = YES;
				GCC_WARN_UNINITIALIZED_AUTOS = YES_AGGRESSIVE;
				GCC_WARN_UNUSED_FUNCTION = YES;
				GCC_WARN_UNUSED_VARIABLE = YES;
				IPHONEOS_DEPLOYMENT_TARGET = 9.0;
				MTL_ENABLE_DEBUG_INFO = NO;
				MTL_FAST_MATH = YES;
				SDKROOT = iphoneos;
				VALIDATE_PRODUCT = YES;
			};
			name = Release;
		};
		228C05132249BEB8003E115D /* Debug */ = {
			isa = XCBuildConfiguration;
			baseConfigurationReference = 582281FF8AEABD638829C4A0 /* Pods-LoadAlertView.debug.xcconfig */;
			buildSettings = {
				ALWAYS_EMBED_SWIFT_STANDARD_LIBRARIES = "$(inherited)";
				ASSETCATALOG_COMPILER_APPICON_NAME = AppIcon;
				ASSETCATALOG_COMPILER_LAUNCHIMAGE_NAME = LaunchImage;
				CODE_SIGN_STYLE = Automatic;
				DEVELOPMENT_TEAM = X99A4N5YKC;
				GCC_PREFIX_HEADER = /Users/doman/Desktop/LoadAlertView/LoadAlertView/LoadAlertView/Configure/PrefixHeader.pch;
				HEADER_SEARCH_PATHS = (
					"$(PROJECT_DIR)/build/include",
					"$(inherited)",
				);
				INFOPLIST_FILE = LoadAlertView/Info.plist;
				IPHONEOS_DEPLOYMENT_TARGET = 9.0;
				LD_RUNPATH_SEARCH_PATHS = (
					"$(inherited)",
					"@executable_path/Frameworks",
				);
				LIBRARY_SEARCH_PATHS = (
					"$(inherited)",
					"$(PROJECT_DIR)/LoadAlertView/Others/XFCamera",
				);
				PRODUCT_BUNDLE_IDENTIFIER = doman.LoadAlertView;
				PRODUCT_NAME = "$(TARGET_NAME)";
				SYSTEM_FRAMEWORK_SEARCH_PATHS = "$(inherited)";
				TARGETED_DEVICE_FAMILY = 1;
			};
			name = Debug;
		};
		228C05142249BEB8003E115D /* Release */ = {
			isa = XCBuildConfiguration;
			baseConfigurationReference = 5094B7A1A3349745242B5575 /* Pods-LoadAlertView.release.xcconfig */;
			buildSettings = {
				ALWAYS_EMBED_SWIFT_STANDARD_LIBRARIES = "$(inherited)";
				ASSETCATALOG_COMPILER_APPICON_NAME = AppIcon;
				ASSETCATALOG_COMPILER_LAUNCHIMAGE_NAME = LaunchImage;
				CODE_SIGN_STYLE = Automatic;
				DEVELOPMENT_TEAM = X99A4N5YKC;
				GCC_PREFIX_HEADER = /Users/doman/Desktop/LoadAlertView/LoadAlertView/LoadAlertView/Configure/PrefixHeader.pch;
				HEADER_SEARCH_PATHS = (
					"$(PROJECT_DIR)/build/include",
					"$(inherited)",
				);
				INFOPLIST_FILE = LoadAlertView/Info.plist;
				IPHONEOS_DEPLOYMENT_TARGET = 9.0;
				LD_RUNPATH_SEARCH_PATHS = (
					"$(inherited)",
					"@executable_path/Frameworks",
				);
				LIBRARY_SEARCH_PATHS = (
					"$(inherited)",
					"$(PROJECT_DIR)/LoadAlertView/Others/XFCamera",
				);
				PRODUCT_BUNDLE_IDENTIFIER = doman.LoadAlertView;
				PRODUCT_NAME = "$(TARGET_NAME)";
				SYSTEM_FRAMEWORK_SEARCH_PATHS = "$(inherited)";
				TARGETED_DEVICE_FAMILY = 1;
			};
			name = Release;
		};
		228C05162249BEB8003E115D /* Debug */ = {
			isa = XCBuildConfiguration;
			buildSettings = {
				BUNDLE_LOADER = "$(TEST_HOST)";
				CODE_SIGN_STYLE = Automatic;
				INFOPLIST_FILE = LoadAlertViewTests/Info.plist;
				LD_RUNPATH_SEARCH_PATHS = (
					"$(inherited)",
					"@executable_path/Frameworks",
					"@loader_path/Frameworks",
				);
				PRODUCT_BUNDLE_IDENTIFIER = doman.LoadAlertViewTests;
				PRODUCT_NAME = "$(TARGET_NAME)";
				TARGETED_DEVICE_FAMILY = "1,2";
				TEST_HOST = "$(BUILT_PRODUCTS_DIR)/LoadAlertView.app/LoadAlertView";
			};
			name = Debug;
		};
		228C05172249BEB8003E115D /* Release */ = {
			isa = XCBuildConfiguration;
			buildSettings = {
				BUNDLE_LOADER = "$(TEST_HOST)";
				CODE_SIGN_STYLE = Automatic;
				INFOPLIST_FILE = LoadAlertViewTests/Info.plist;
				LD_RUNPATH_SEARCH_PATHS = (
					"$(inherited)",
					"@executable_path/Frameworks",
					"@loader_path/Frameworks",
				);
				PRODUCT_BUNDLE_IDENTIFIER = doman.LoadAlertViewTests;
				PRODUCT_NAME = "$(TARGET_NAME)";
				TARGETED_DEVICE_FAMILY = "1,2";
				TEST_HOST = "$(BUILT_PRODUCTS_DIR)/LoadAlertView.app/LoadAlertView";
			};
			name = Release;
		};
		228C05192249BEB8003E115D /* Debug */ = {
			isa = XCBuildConfiguration;
			buildSettings = {
				CODE_SIGN_STYLE = Automatic;
				INFOPLIST_FILE = LoadAlertViewUITests/Info.plist;
				LD_RUNPATH_SEARCH_PATHS = (
					"$(inherited)",
					"@executable_path/Frameworks",
					"@loader_path/Frameworks",
				);
				PRODUCT_BUNDLE_IDENTIFIER = doman.LoadAlertViewUITests;
				PRODUCT_NAME = "$(TARGET_NAME)";
				TARGETED_DEVICE_FAMILY = "1,2";
				TEST_TARGET_NAME = LoadAlertView;
			};
			name = Debug;
		};
		228C051A2249BEB8003E115D /* Release */ = {
			isa = XCBuildConfiguration;
			buildSettings = {
				CODE_SIGN_STYLE = Automatic;
				INFOPLIST_FILE = LoadAlertViewUITests/Info.plist;
				LD_RUNPATH_SEARCH_PATHS = (
					"$(inherited)",
					"@executable_path/Frameworks",
					"@loader_path/Frameworks",
				);
				PRODUCT_BUNDLE_IDENTIFIER = doman.LoadAlertViewUITests;
				PRODUCT_NAME = "$(TARGET_NAME)";
				TARGETED_DEVICE_FAMILY = "1,2";
				TEST_TARGET_NAME = LoadAlertView;
			};
			name = Release;
		};
/* End XCBuildConfiguration section */

/* Begin XCConfigurationList section */
		228C04E12249BEB6003E115D /* Build configuration list for PBXProject "LoadAlertView" */ = {
			isa = XCConfigurationList;
			buildConfigurations = (
				228C05102249BEB8003E115D /* Debug */,
				228C05112249BEB8003E115D /* Release */,
			);
			defaultConfigurationIsVisible = 0;
			defaultConfigurationName = Release;
		};
		228C05122249BEB8003E115D /* Build configuration list for PBXNativeTarget "LoadAlertView" */ = {
			isa = XCConfigurationList;
			buildConfigurations = (
				228C05132249BEB8003E115D /* Debug */,
				228C05142249BEB8003E115D /* Release */,
			);
			defaultConfigurationIsVisible = 0;
			defaultConfigurationName = Release;
		};
		228C05152249BEB8003E115D /* Build configuration list for PBXNativeTarget "LoadAlertViewTests" */ = {
			isa = XCConfigurationList;
			buildConfigurations = (
				228C05162249BEB8003E115D /* Debug */,
				228C05172249BEB8003E115D /* Release */,
			);
			defaultConfigurationIsVisible = 0;
			defaultConfigurationName = Release;
		};
		228C05182249BEB8003E115D /* Build configuration list for PBXNativeTarget "LoadAlertViewUITests" */ = {
			isa = XCConfigurationList;
			buildConfigurations = (
				228C05192249BEB8003E115D /* Debug */,
				228C051A2249BEB8003E115D /* Release */,
			);
			defaultConfigurationIsVisible = 0;
			defaultConfigurationName = Release;
		};
/* End XCConfigurationList section */
	};
	rootObject = 228C04DE2249BEB6003E115D /* Project object */;
}
