PODS:
  - TYPagerController (2.1.2)
  - UINavigation-SXFixSpace (1.1.3)

DEPENDENCIES:
  - TYPagerController
  - UINavigation-SXFixSpace

SPEC REPOS:
  https://github.com/cocoapods/specs.git:
    - TYPagerController
    - UINavigation-SXFixSpace

SPEC CHECKSUMS:
  TYPagerController: 262556ecef99986d26ed77fb1288a198ed42f4af
  UINavigation-SXFixSpace: 90544b53f0c520568491257f4b61c3ecfa2c1737

PODFILE CHECKSUM: 533e437c9d786ed746aebe250dc9b1a876798155

COCOAPODS: 1.6.1
